
Microsoft Visual Studio Solution File, Format Version 12.00
# Visual Studio 14
VisualStudioVersion = 14.0.25420.1
MinimumVisualStudioVersion = 10.0.40219.1
Project("{FAE04EC0-301F-11D3-BF4B-00C04F79EFBC}") = "FuturesDownloader", "FuturesDownloader\FuturesDownloader.csproj", "{CED1D5F7-EFF7-4225-B1D4-D5E0F436B12E}"
EndProject
Global
	GlobalSection(SolutionConfigurationPlatforms) = preSolution
		Debug|Any CPU = Debug|Any CPU
		Release|Any CPU = Release|Any CPU
	EndGlobalSection
	GlobalSection(ProjectConfigurationPlatforms) = postSolution
		{CED1D5F7-EFF7-4225-B1D4-D5E0F436B12E}.Debug|Any CPU.ActiveCfg = Debug|Any CPU
		{CED1D5F7-EFF7-4225-B1D4-D5E0F436B12E}.Debug|Any CPU.Build.0 = Debug|Any CPU
		{CED1D5F7-EFF7-4225-B1D4-D5E0F436B12E}.Release|Any CPU.ActiveCfg = Release|Any CPU
		{CED1D5F7-EFF7-4225-B1D4-D5E0F436B12E}.Release|Any CPU.Build.0 = Release|Any CPU
	EndGlobalSection
	GlobalSection(SolutionProperties) = preSolution
		HideSolutionNode = FALSE
	EndGlobalSection
EndGlobal
